PODS:
  - Differentiator (4.0.1)
  - "NSObject+Rx (5.0.0)":
    - RxSwift (~> 5.0)
  - RxCell (0.2.0):
    - RxSwift (~> 5)
  - RxCocoa (5.0.0):
    - RxRelay (~> 5)
    - RxSwift (~> 5)
  - RxDataSources (4.0.1):
    - Differentiator (~> 4.0)
    - RxCocoa (~> 5.0)
    - RxSwift (~> 5.0)
  - RxRelay (5.0.0):
    - RxSwift (~> 5)
  - RxSwift (5.0.0)

DEPENDENCIES:
  - "NSObject+Rx"
  - RxCell (from `../`)
  - RxDataSources (~> 4.0)

SPEC REPOS:
  https://github.com/cocoapods/specs.git:
    - Differentiator
    - "NSObject+Rx"
    - RxCocoa
    - RxDataSources
    - RxRelay
    - RxSwift

EXTERNAL SOURCES:
  RxCell:
    :path: "../"

SPEC CHECKSUMS:
  Differentiator: 886080237d9f87f322641dedbc5be257061b0602
  "NSObject+Rx": 6151a97d171f7187c4183746acc42d9451952a7b
  RxCell: 78663779836245c7c51ff3064f07ac2191a8331f
  RxCocoa: fcf32050ac00d801f34a7f71d5e8e7f23026dcd8
  RxDataSources: efee07fa4de48477eca0a4611e6d11e2da9c1114
  RxRelay: 4f7409406a51a55cd88483f21ed898c234d60f18
  RxSwift: 8b0671caa829a763bbce7271095859121cbd895f

PODFILE CHECKSUM: cff3c07cea59d5187c7e3f73f3e27b1842ada019

COCOAPODS: 1.6.1
